
Microsoft Visual Studio Solution File, Format Version 12.00
# Visual Studio 15
VisualStudioVersion = 15.0.27130.2027
MinimumVisualStudioVersion = 10.0.40219.1
Project("{FAE04EC0-301F-11D3-BF4B-00C04F79EFBC}") = "Knockout_Ex", "Knockout_Ex\Knockout_Ex.csproj", "{B299CAAF-AADF-4FD4-9E99-0A4BF07D913D}"
EndProject
Global
	GlobalSection(SolutionConfigurationPlatforms) = preSolution
		Debug|Any CPU = Debug|Any CPU
		Release|Any CPU = Release|Any CPU
	EndGlobalSection
	GlobalSection(ProjectConfigurationPlatforms) = postSolution
		{B299CAAF-AADF-4FD4-9E99-0A4BF07D913D}.Debug|Any CPU.ActiveCfg = Debug|Any CPU
		{B299CAAF-AADF-4FD4-9E99-0A4BF07D913D}.Debug|Any CPU.Build.0 = Debug|Any CPU
		{B299CAAF-AADF-4FD4-9E99-0A4BF07D913D}.Release|Any CPU.ActiveCfg = Release|Any CPU
		{B299CAAF-AADF-4FD4-9E99-0A4BF07D913D}.Release|Any CPU.Build.0 = Release|Any CPU
	EndGlobalSection
	GlobalSection(SolutionProperties) = preSolution
		HideSolutionNode = FALSE
	EndGlobalSection
	GlobalSection(ExtensibilityGlobals) = postSolution
		SolutionGuid = {210422E2-34DE-45FF-8FF1-7712DD2417A3}
	EndGlobalSection
EndGlobal
